
Microsoft Visual Studio Solution File, Format Version 12.00
# Visual Studio Version 16
VisualStudioVersion = 16.0.29926.136
MinimumVisualStudioVersion = 10.0.40219.1
Project("{FAE04EC0-301F-11D3-BF4B-00C04F79EFBC}") = "PreProcessor", "PreProcessor\PreProcessor.csproj", "{2A9CCDEB-2CFD-437B-8F2C-554CD1BA72EA}"
EndProject
Global
	GlobalSection(SolutionConfigurationPlatforms) = preSolution
		Debug|Any CPU = Debug|Any CPU
		Release|Any CPU = Release|Any CPU
	EndGlobalSection
	GlobalSection(ProjectConfigurationPlatforms) = postSolution
		{2A9CCDEB-2CFD-437B-8F2C-554CD1BA72EA}.Debug|Any CPU.ActiveCfg = Debug|Any CPU
		{2A9CCDEB-2CFD-437B-8F2C-554CD1BA72EA}.Debug|Any CPU.Build.0 = Debug|Any CPU
		{2A9CCDEB-2CFD-437B-8F2C-554CD1BA72EA}.Release|Any CPU.ActiveCfg = Release|Any CPU
		{2A9CCDEB-2CFD-437B-8F2C-554CD1BA72EA}.Release|Any CPU.Build.0 = Release|Any CPU
	EndGlobalSection
	GlobalSection(SolutionProperties) = preSolution
		HideSolutionNode = FALSE
	EndGlobalSection
	GlobalSection(ExtensibilityGlobals) = postSolution
		SolutionGuid = {D170F801-E69E-48F4-BB26-237DC6E359F1}
	EndGlobalSection
EndGlobal
